// !$*UTF8*$!
{
	archiveVersion = 1;
	classes = {
	};
	objectVersion = 46;
	objects = {

/* Begin PBXBuildFile section */
		7933BA231CBDD0A30060FD9D /* Just.framework in Frameworks */ = {isa = PBXBuildFile; fileRef = 7933BA221CBDD0A30060FD9D /* Just.framework */; };
		795354021CE2C3C300F46F71 /* FBSDKCoreKit.framework in Frameworks */ = {isa = PBXBuildFile; fileRef = 795354001CE2C3C300F46F71 /* FBSDKCoreKit.framework */; };
		795354031CE2C3C300F46F71 /* FBSDKLoginKit.framework in Frameworks */ = {isa = PBXBuildFile; fileRef = 795354011CE2C3C300F46F71 /* FBSDKLoginKit.framework */; };
		79C079FE1CDEEF8F00BCE598 /* MatchTableViewCell.swift in Sources */ = {isa = PBXBuildFile; fileRef = 79C079FD1CDEEF8F00BCE598 /* MatchTableViewCell.swift */; };
		79C07A021CDFEF2000BCE598 /* ActivityTableViewCell.swift in Sources */ = {isa = PBXBuildFile; fileRef = 79C07A011CDFEF2000BCE598 /* ActivityTableViewCell.swift */; };
		79C07A041CE0237000BCE598 /* SearchTableViewCell.swift in Sources */ = {isa = PBXBuildFile; fileRef = 79C07A031CE0237000BCE598 /* SearchTableViewCell.swift */; };
		79D942761CBF273500A7730A /* PostViewController.swift in Sources */ = {isa = PBXBuildFile; fileRef = 79D942751CBF273500A7730A /* PostViewController.swift */; };
		79D9427B1CC00D2E00A7730A /* XMateManager.swift in Sources */ = {isa = PBXBuildFile; fileRef = 79D9427A1CC00D2E00A7730A /* XMateManager.swift */; };
		79D9427D1CC034C200A7730A /* HistoryViewController.swift in Sources */ = {isa = PBXBuildFile; fileRef = 79D9427C1CC034C200A7730A /* HistoryViewController.swift */; };
		79D9427F1CC0365D00A7730A /* MessageViewController.swift in Sources */ = {isa = PBXBuildFile; fileRef = 79D9427E1CC0365D00A7730A /* MessageViewController.swift */; };
		79EDCF6B1C8B4C75002F5849 /* AppDelegate.swift in Sources */ = {isa = PBXBuildFile; fileRef = 79EDCF6A1C8B4C75002F5849 /* AppDelegate.swift */; };
		79EDCF6D1C8B4C75002F5849 /* ViewController.swift in Sources */ = {isa = PBXBuildFile; fileRef = 79EDCF6C1C8B4C75002F5849 /* ViewController.swift */; };
		79EDCF701C8B4C75002F5849 /* Main.storyboard in Resources */ = {isa = PBXBuildFile; fileRef = 79EDCF6E1C8B4C75002F5849 /* Main.storyboard */; };
		79EDCF731C8B4C75002F5849 /* X_Mates.xcdatamodeld in Sources */ = {isa = PBXBuildFile; fileRef = 79EDCF711C8B4C75002F5849 /* X_Mates.xcdatamodeld */; };
		79EDCF751C8B4C75002F5849 /* Assets.xcassets in Resources */ = {isa = PBXBuildFile; fileRef = 79EDCF741C8B4C75002F5849 /* Assets.xcassets */; };
		79EDCF781C8B4C75002F5849 /* LaunchScreen.storyboard in Resources */ = {isa = PBXBuildFile; fileRef = 79EDCF761C8B4C75002F5849 /* LaunchScreen.storyboard */; };
		79EDCF831C8B4C75002F5849 /* X_MatesTests.swift in Sources */ = {isa = PBXBuildFile; fileRef = 79EDCF821C8B4C75002F5849 /* X_MatesTests.swift */; };
		79EDCF8E1C8B4C75002F5849 /* X_MatesUITests.swift in Sources */ = {isa = PBXBuildFile; fileRef = 79EDCF8D1C8B4C75002F5849 /* X_MatesUITests.swift */; };
		79EDCFC41C8D13A0002F5849 /* SearchViewController.swift in Sources */ = {isa = PBXBuildFile; fileRef = 79EDCFC31C8D13A0002F5849 /* SearchViewController.swift */; };
		79EDCFC61C8D1425002F5849 /* HomeViewController.swift in Sources */ = {isa = PBXBuildFile; fileRef = 79EDCFC51C8D1425002F5849 /* HomeViewController.swift */; };
		79EDCFCA1C8D1518002F5849 /* ProfileViewController.swift in Sources */ = {isa = PBXBuildFile; fileRef = 79EDCFC91C8D1518002F5849 /* ProfileViewController.swift */; };
		79EDCFD01C8E2607002F5849 /* MenuBarViewController.swift in Sources */ = {isa = PBXBuildFile; fileRef = 79EDCFCF1C8E2607002F5849 /* MenuBarViewController.swift */; };
		79F6F54F1C8E91AD00E97970 /* SWRevealViewController.m in Sources */ = {isa = PBXBuildFile; fileRef = 79F6F54E1C8E91AC00E97970 /* SWRevealViewController.m */; };
/* End PBXBuildFile section */

/* Begin PBXContainerItemProxy section */
		79EDCF7F1C8B4C75002F5849 /* PBXContainerItemProxy */ = {
			isa = PBXContainerItemProxy;
			containerPortal = 79EDCF5F1C8B4C75002F5849 /* Project object */;
			proxyType = 1;
			remoteGlobalIDString = 79EDCF661C8B4C75002F5849;
			remoteInfo = "X-Mates";
		};
		79EDCF8A1C8B4C75002F5849 /* PBXContainerItemProxy */ = {
			isa = PBXContainerItemProxy;
			containerPortal = 79EDCF5F1C8B4C75002F5849 /* Project object */;
			proxyType = 1;
			remoteGlobalIDString = 79EDCF661C8B4C75002F5849;
			remoteInfo = "X-Mates";
		};
/* End PBXContainerItemProxy section */

/* Begin PBXFileReference section */
		7933BA221CBDD0A30060FD9D /* Just.framework */ = {isa = PBXFileReference; lastKnownFileType = wrapper.framework; name = Just.framework; path = Carthage/Build/iOS/Just.framework; sourceTree = "<group>"; };
		795354001CE2C3C300F46F71 /* FBSDKCoreKit.framework */ = {isa = PBXFileReference; lastKnownFileType = wrapper.framework; path = FBSDKCoreKit.framework; sourceTree = "<group>"; };
		795354011CE2C3C300F46F71 /* FBSDKLoginKit.framework */ = {isa = PBXFileReference; lastKnownFileType = wrapper.framework; path = FBSDKLoginKit.framework; sourceTree = "<group>"; };
		79C079FD1CDEEF8F00BCE598 /* MatchTableViewCell.swift */ = {isa = PBXFileReference; fileEncoding = 4; lastKnownFileType = sourcecode.swift; name = MatchTableViewCell.swift; path = "X-Mates/MatchTableViewCell.swift"; sourceTree = "<group>"; };
		79C07A011CDFEF2000BCE598 /* ActivityTableViewCell.swift */ = {isa = PBXFileReference; fileEncoding = 4; lastKnownFileType = sourcecode.swift; name = ActivityTableViewCell.swift; path = "X-Mates/ActivityTableViewCell.swift"; sourceTree = "<group>"; };
		79C07A031CE0237000BCE598 /* SearchTableViewCell.swift */ = {isa = PBXFileReference; fileEncoding = 4; lastKnownFileType = sourcecode.swift; name = SearchTableViewCell.swift; path = "X-Mates/SearchTableViewCell.swift"; sourceTree = "<group>"; };
		79D942751CBF273500A7730A /* PostViewController.swift */ = {isa = PBXFileReference; fileEncoding = 4; lastKnownFileType = sourcecode.swift; name = PostViewController.swift; path = "X-Mates/PostViewController.swift"; sourceTree = "<group>"; };
		79D9427A1CC00D2E00A7730A /* XMateManager.swift */ = {isa = PBXFileReference; fileEncoding = 4; lastKnownFileType = sourcecode.swift; path = XMateManager.swift; sourceTree = "<group>"; };
		79D9427C1CC034C200A7730A /* HistoryViewController.swift */ = {isa = PBXFileReference; fileEncoding = 4; lastKnownFileType = sourcecode.swift; name = HistoryViewController.swift; path = "X-Mates/HistoryViewController.swift"; sourceTree = "<group>"; };
		79D9427E1CC0365D00A7730A /* MessageViewController.swift */ = {isa = PBXFileReference; fileEncoding = 4; lastKnownFileType = sourcecode.swift; name = MessageViewController.swift; path = "X-Mates/MessageViewController.swift"; sourceTree = "<group>"; };
		79EDCF671C8B4C75002F5849 /* X-Mates.app */ = {isa = PBXFileReference; explicitFileType = wrapper.application; includeInIndex = 0; path = "X-Mates.app"; sourceTree = BUILT_PRODUCTS_DIR; };
		79EDCF6A1C8B4C75002F5849 /* AppDelegate.swift */ = {isa = PBXFileReference; lastKnownFileType = sourcecode.swift; path = AppDelegate.swift; sourceTree = "<group>"; };
		79EDCF6C1C8B4C75002F5849 /* ViewController.swift */ = {isa = PBXFileReference; lastKnownFileType = sourcecode.swift; path = ViewController.swift; sourceTree = "<group>"; };
		79EDCF6F1C8B4C75002F5849 /* Base */ = {isa = PBXFileReference; lastKnownFileType = file.storyboard; name = Base; path = Base.lproj/Main.storyboard; sourceTree = "<group>"; };
		79EDCF721C8B4C75002F5849 /* X_Mates.xcdatamodel */ = {isa = PBXFileReference; lastKnownFileType = wrapper.xcdatamodel; path = X_Mates.xcdatamodel; sourceTree = "<group>"; };
		79EDCF741C8B4C75002F5849 /* Assets.xcassets */ = {isa = PBXFileReference; lastKnownFileType = folder.assetcatalog; path = Assets.xcassets; sourceTree = "<group>"; };
		79EDCF771C8B4C75002F5849 /* Base */ = {isa = PBXFileReference; lastKnownFileType = file.storyboard; name = Base; path = Base.lproj/LaunchScreen.storyboard; sourceTree = "<group>"; };
		79EDCF791C8B4C75002F5849 /* Info.plist */ = {isa = PBXFileReference; lastKnownFileType = text.plist.xml; path = Info.plist; sourceTree = "<group>"; };
		79EDCF7E1C8B4C75002F5849 /* X-MatesTests.xctest */ = {isa = PBXFileReference; explicitFileType = wrapper.cfbundle; includeInIndex = 0; path = "X-MatesTests.xctest"; sourceTree = BUILT_PRODUCTS_DIR; };
		79EDCF821C8B4C75002F5849 /* X_MatesTests.swift */ = {isa = PBXFileReference; lastKnownFileType = sourcecode.swift; path = X_MatesTests.swift; sourceTree = "<group>"; };
		79EDCF841C8B4C75002F5849 /* Info.plist */ = {isa = PBXFileReference; lastKnownFileType = text.plist.xml; path = Info.plist; sourceTree = "<group>"; };
		79EDCF891C8B4C75002F5849 /* X-MatesUITests.xctest */ = {isa = PBXFileReference; explicitFileType = wrapper.cfbundle; includeInIndex = 0; path = "X-MatesUITests.xctest"; sourceTree = BUILT_PRODUCTS_DIR; };
		79EDCF8D1C8B4C75002F5849 /* X_MatesUITests.swift */ = {isa = PBXFileReference; lastKnownFileType = sourcecode.swift; path = X_MatesUITests.swift; sourceTree = "<group>"; };
		79EDCF8F1C8B4C75002F5849 /* Info.plist */ = {isa = PBXFileReference; lastKnownFileType = text.plist.xml; path = Info.plist; sourceTree = "<group>"; };
		79EDCFA61C8B605F002F5849 /* Bridging-Header.h */ = {isa = PBXFileReference; lastKnownFileType = sourcecode.c.h; path = "Bridging-Header.h"; sourceTree = "<group>"; };
		79EDCFBE1C8BC535002F5849 /* X-Mates.entitlements */ = {isa = PBXFileReference; lastKnownFileType = text.xml; path = "X-Mates.entitlements"; sourceTree = "<group>"; };
		79EDCFC31C8D13A0002F5849 /* SearchViewController.swift */ = {isa = PBXFileReference; fileEncoding = 4; lastKnownFileType = sourcecode.swift; name = SearchViewController.swift; path = "X-Mates/SearchViewController.swift"; sourceTree = "<group>"; };
		79EDCFC51C8D1425002F5849 /* HomeViewController.swift */ = {isa = PBXFileReference; fileEncoding = 4; lastKnownFileType = sourcecode.swift; name = HomeViewController.swift; path = "X-Mates/HomeViewController.swift"; sourceTree = "<group>"; };
		79EDCFC91C8D1518002F5849 /* ProfileViewController.swift */ = {isa = PBXFileReference; fileEncoding = 4; lastKnownFileType = sourcecode.swift; name = ProfileViewController.swift; path = "X-Mates/ProfileViewController.swift"; sourceTree = "<group>"; };
		79EDCFCF1C8E2607002F5849 /* MenuBarViewController.swift */ = {isa = PBXFileReference; fileEncoding = 4; lastKnownFileType = sourcecode.swift; name = MenuBarViewController.swift; path = "X-Mates/MenuBarViewController.swift"; sourceTree = "<group>"; };
		79F6F54D1C8E91AC00E97970 /* SWRevealViewController.h */ = {isa = PBXFileReference; fileEncoding = 4; lastKnownFileType = sourcecode.c.h; path = SWRevealViewController.h; sourceTree = "<group>"; };
		79F6F54E1C8E91AC00E97970 /* SWRevealViewController.m */ = {isa = PBXFileReference; fileEncoding = 4; lastKnownFileType = sourcecode.c.objc; path = SWRevealViewController.m; sourceTree = "<group>"; };
/* End PBXFileReference section */

/* Begin PBXFrameworksBuildPhase section */
		79EDCF641C8B4C75002F5849 /* Frameworks */ = {
			isa = PBXFrameworksBuildPhase;
			buildActionMask = 2147483647;
			files = (
				7933BA231CBDD0A30060FD9D /* Just.framework in Frameworks */,
				795354021CE2C3C300F46F71 /* FBSDKCoreKit.framework in Frameworks */,
				795354031CE2C3C300F46F71 /* FBSDKLoginKit.framework in Frameworks */,
			);
			runOnlyForDeploymentPostprocessing = 0;
		};
		79EDCF7B1C8B4C75002F5849 /* Frameworks */ = {
			isa = PBXFrameworksBuildPhase;
			buildActionMask = 2147483647;
			files = (
			);
			runOnlyForDeploymentPostprocessing = 0;
		};
		79EDCF861C8B4C75002F5849 /* Frameworks */ = {
			isa = PBXFrameworksBuildPhase;
			buildActionMask = 2147483647;
			files = (
			);
			runOnlyForDeploymentPostprocessing = 0;
		};
/* End PBXFrameworksBuildPhase section */

/* Begin PBXGroup section */
		79C079FA1CDEED3900BCE598 /* TabelViewCell */ = {
			isa = PBXGroup;
			children = (
				79C079FD1CDEEF8F00BCE598 /* MatchTableViewCell.swift */,
				79C07A011CDFEF2000BCE598 /* ActivityTableViewCell.swift */,
				79C07A031CE0237000BCE598 /* SearchTableViewCell.swift */,
			);
			name = TabelViewCell;
			sourceTree = "<group>";
		};
		79EDCF5E1C8B4C75002F5849 = {
			isa = PBXGroup;
			children = (
				7933BA221CBDD0A30060FD9D /* Just.framework */,
				795354001CE2C3C300F46F71 /* FBSDKCoreKit.framework */,
				795354011CE2C3C300F46F71 /* FBSDKLoginKit.framework */,
				79EDCFCB1C8E173E002F5849 /* SWRevealViewController */,
				79C079FA1CDEED3900BCE598 /* TabelViewCell */,
				79EDCFB51C8B98C5002F5849 /* ViewControllers */,
				79EDCF691C8B4C75002F5849 /* X-Mates */,
				79EDCF811C8B4C75002F5849 /* X-MatesTests */,
				79EDCF8C1C8B4C75002F5849 /* X-MatesUITests */,
				79EDCF681C8B4C75002F5849 /* Products */,
			);
			sourceTree = "<group>";
		};
		79EDCF681C8B4C75002F5849 /* Products */ = {
			isa = PBXGroup;
			children = (
				79EDCF671C8B4C75002F5849 /* X-Mates.app */,
				79EDCF7E1C8B4C75002F5849 /* X-MatesTests.xctest */,
				79EDCF891C8B4C75002F5849 /* X-MatesUITests.xctest */,
			);
			name = Products;
			sourceTree = "<group>";
		};
		79EDCF691C8B4C75002F5849 /* X-Mates */ = {
			isa = PBXGroup;
			children = (
				79EDCFBE1C8BC535002F5849 /* X-Mates.entitlements */,
				79EDCFA61C8B605F002F5849 /* Bridging-Header.h */,
				79EDCF6A1C8B4C75002F5849 /* AppDelegate.swift */,
				79EDCF6C1C8B4C75002F5849 /* ViewController.swift */,
				79D9427A1CC00D2E00A7730A /* XMateManager.swift */,
				79EDCF6E1C8B4C75002F5849 /* Main.storyboard */,
				79EDCF741C8B4C75002F5849 /* Assets.xcassets */,
				79EDCF761C8B4C75002F5849 /* LaunchScreen.storyboard */,
				79EDCF791C8B4C75002F5849 /* Info.plist */,
				79EDCF711C8B4C75002F5849 /* X_Mates.xcdatamodeld */,
			);
			path = "X-Mates";
			sourceTree = "<group>";
		};
		79EDCF811C8B4C75002F5849 /* X-MatesTests */ = {
			isa = PBXGroup;
			children = (
				79EDCF821C8B4C75002F5849 /* X_MatesTests.swift */,
				79EDCF841C8B4C75002F5849 /* Info.plist */,
			);
			path = "X-MatesTests";
			sourceTree = "<group>";
		};
		79EDCF8C1C8B4C75002F5849 /* X-MatesUITests */ = {
			isa = PBXGroup;
			children = (
				79EDCF8D1C8B4C75002F5849 /* X_MatesUITests.swift */,
				79EDCF8F1C8B4C75002F5849 /* Info.plist */,
			);
			path = "X-MatesUITests";
			sourceTree = "<group>";
		};
		79EDCFB51C8B98C5002F5849 /* ViewControllers */ = {
			isa = PBXGroup;
			children = (
				79EDCFC91C8D1518002F5849 /* ProfileViewController.swift */,
				79EDCFC51C8D1425002F5849 /* HomeViewController.swift */,
				79EDCFCF1C8E2607002F5849 /* MenuBarViewController.swift */,
				79EDCFC31C8D13A0002F5849 /* SearchViewController.swift */,
				79D942751CBF273500A7730A /* PostViewController.swift */,
				79D9427C1CC034C200A7730A /* HistoryViewController.swift */,
				79D9427E1CC0365D00A7730A /* MessageViewController.swift */,
			);
			name = ViewControllers;
			sourceTree = "<group>";
		};
		79EDCFCB1C8E173E002F5849 /* SWRevealViewController */ = {
			isa = PBXGroup;
			children = (
				79F6F54D1C8E91AC00E97970 /* SWRevealViewController.h */,
				79F6F54E1C8E91AC00E97970 /* SWRevealViewController.m */,
			);
			name = SWRevealViewController;
			sourceTree = "<group>";
		};
/* End PBXGroup section */

/* Begin PBXNativeTarget section */
		79EDCF661C8B4C75002F5849 /* X-Mates */ = {
			isa = PBXNativeTarget;
			buildConfigurationList = 79EDCF921C8B4C75002F5849 /* Build configuration list for PBXNativeTarget "X-Mates" */;
			buildPhases = (
				79EDCF631C8B4C75002F5849 /* Sources */,
				79EDCF641C8B4C75002F5849 /* Frameworks */,
				79EDCF651C8B4C75002F5849 /* Resources */,
				7987872F1CB9B5650009588E /* ShellScript */,
			);
			buildRules = (
			);
			dependencies = (
			);
			name = "X-Mates";
			productName = "X-Mates";
			productReference = 79EDCF671C8B4C75002F5849 /* X-Mates.app */;
			productType = "com.apple.product-type.application";
		};
		79EDCF7D1C8B4C75002F5849 /* X-MatesTests */ = {
			isa = PBXNativeTarget;
			buildConfigurationList = 79EDCF951C8B4C75002F5849 /* Build configuration list for PBXNativeTarget "X-MatesTests" */;
			buildPhases = (
				79EDCF7A1C8B4C75002F5849 /* Sources */,
				79EDCF7B1C8B4C75002F5849 /* Frameworks */,
				79EDCF7C1C8B4C75002F5849 /* Resources */,
			);
			buildRules = (
			);
			dependencies = (
				79EDCF801C8B4C75002F5849 /* PBXTargetDependency */,
			);
			name = "X-MatesTests";
			productName = "X-MatesTests";
			productReference = 79EDCF7E1C8B4C75002F5849 /* X-MatesTests.xctest */;
			productType = "com.apple.product-type.bundle.unit-test";
		};
		79EDCF881C8B4C75002F5849 /* X-MatesUITests */ = {
			isa = PBXNativeTarget;
			buildConfigurationList = 79EDCF981C8B4C75002F5849 /* Build configuration list for PBXNativeTarget "X-MatesUITests" */;
			buildPhases = (
				79EDCF851C8B4C75002F5849 /* Sources */,
				79EDCF861C8B4C75002F5849 /* Frameworks */,
				79EDCF871C8B4C75002F5849 /* Resources */,
			);
			buildRules = (
			);
			dependencies = (
				79EDCF8B1C8B4C75002F5849 /* PBXTargetDependency */,
			);
			name = "X-MatesUITests";
			productName = "X-MatesUITests";
			productReference = 79EDCF891C8B4C75002F5849 /* X-MatesUITests.xctest */;
			productType = "com.apple.product-type.bundle.ui-testing";
		};
/* End PBXNativeTarget section */

/* Begin PBXProject section */
		79EDCF5F1C8B4C75002F5849 /* Project object */ = {
			isa = PBXProject;
			attributes = {
				LastSwiftUpdateCheck = 0720;
				LastUpgradeCheck = 0720;
				ORGANIZATIONNAME = CloudGroup;
				TargetAttributes = {
					79EDCF661C8B4C75002F5849 = {
						CreatedOnToolsVersion = 7.2.1;
						DevelopmentTeam = UEMA4ETYGL;
						SystemCapabilities = {
							com.apple.BackgroundModes = {
								enabled = 0;
							};
							com.apple.HealthKit = {
								enabled = 0;
							};
							com.apple.HomeKit = {
								enabled = 0;
							};
							com.apple.Maps.iOS = {
								enabled = 0;
							};
						};
					};
					79EDCF7D1C8B4C75002F5849 = {
						CreatedOnToolsVersion = 7.2.1;
						DevelopmentTeam = UEMA4ETYGL;
						TestTargetID = 79EDCF661C8B4C75002F5849;
					};
					79EDCF881C8B4C75002F5849 = {
						CreatedOnToolsVersion = 7.2.1;
						DevelopmentTeam = UEMA4ETYGL;
						TestTargetID = 79EDCF661C8B4C75002F5849;
					};
				};
			};
			buildConfigurationList = 79EDCF621C8B4C75002F5849 /* Build configuration list for PBXProject "X-Mates" */;
			compatibilityVersion = "Xcode 3.2";
			developmentRegion = English;
			hasScannedForEncodings = 0;
			knownRegions = (
				en,
				Base,
			);
			mainGroup = 79EDCF5E1C8B4C75002F5849;
			productRefGroup = 79EDCF681C8B4C75002F5849 /* Products */;
			projectDirPath = "";
			projectRoot = "";
			targets = (
				79EDCF661C8B4C75002F5849 /* X-Mates */,
				79EDCF7D1C8B4C75002F5849 /* X-MatesTests */,
				79EDCF881C8B4C75002F5849 /* X-MatesUITests */,
			);
		};
/* End PBXProject section */

/* Begin PBXResourcesBuildPhase section */
		79EDCF651C8B4C75002F5849 /* Resources */ = {
			isa = PBXResourcesBuildPhase;
			buildActionMask = 2147483647;
			files = (
				79EDCF781C8B4C75002F5849 /* LaunchScreen.storyboard in Resources */,
				79EDCF751C8B4C75002F5849 /* Assets.xcassets in Resources */,
				79EDCF701C8B4C75002F5849 /* Main.storyboard in Resources */,
			);
			runOnlyForDeploymentPostprocessing = 0;
		};
		79EDCF7C1C8B4C75002F5849 /* Resources */ = {
			isa = PBXResourcesBuildPhase;
			buildActionMask = 2147483647;
			files = (
			);
			runOnlyForDeploymentPostprocessing = 0;
		};
		79EDCF871C8B4C75002F5849 /* Resources */ = {
			isa = PBXResourcesBuildPhase;
			buildActionMask = 2147483647;
			files = (
			);
			runOnlyForDeploymentPostprocessing = 0;
		};
/* End PBXResourcesBuildPhase section */

/* Begin PBXShellScriptBuildPhase section */
		7987872F1CB9B5650009588E /* ShellScript */ = {
			isa = PBXShellScriptBuildPhase;
			buildActionMask = 2147483647;
			files = (
			);
			inputPaths = (
				"$(SRCROOT)/Carthage/Build/iOS/Just.framework",
			);
			outputPaths = (
			);
			runOnlyForDeploymentPostprocessing = 0;
			shellPath = /bin/bash;
			shellScript = "/usr/local/bin/carthage copy-frameworks";
		};
/* End PBXShellScriptBuildPhase section */

/* Begin PBXSourcesBuildPhase section */
		79EDCF631C8B4C75002F5849 /* Sources */ = {
			isa = PBXSourcesBuildPhase;
			buildActionMask = 2147483647;
			files = (
				79EDCFCA1C8D1518002F5849 /* ProfileViewController.swift in Sources */,
				79EDCF731C8B4C75002F5849 /* X_Mates.xcdatamodeld in Sources */,
				79EDCFC41C8D13A0002F5849 /* SearchViewController.swift in Sources */,
				79EDCF6D1C8B4C75002F5849 /* ViewController.swift in Sources */,
				79C07A021CDFEF2000BCE598 /* ActivityTableViewCell.swift in Sources */,
				79D942761CBF273500A7730A /* PostViewController.swift in Sources */,
				79D9427D1CC034C200A7730A /* HistoryViewController.swift in Sources */,
				79C079FE1CDEEF8F00BCE598 /* MatchTableViewCell.swift in Sources */,
				79EDCFC61C8D1425002F5849 /* HomeViewController.swift in Sources */,
				79C07A041CE0237000BCE598 /* SearchTableViewCell.swift in Sources */,
				79EDCF6B1C8B4C75002F5849 /* AppDelegate.swift in Sources */,
				79EDCFD01C8E2607002F5849 /* MenuBarViewController.swift in Sources */,
				79F6F54F1C8E91AD00E97970 /* SWRevealViewController.m in Sources */,
				79D9427F1CC0365D00A7730A /* MessageViewController.swift in Sources */,
				79D9427B1CC00D2E00A7730A /* XMateManager.swift in Sources */,
			);
			runOnlyForDeploymentPostprocessing = 0;
		};
		79EDCF7A1C8B4C75002F5849 /* Sources */ = {
			isa = PBXSourcesBuildPhase;
			buildActionMask = 2147483647;
			files = (
				79EDCF831C8B4C75002F5849 /* X_MatesTests.swift in Sources */,
			);
			runOnlyForDeploymentPostprocessing = 0;
		};
		79EDCF851C8B4C75002F5849 /* Sources */ = {
			isa = PBXSourcesBuildPhase;
			buildActionMask = 2147483647;
			files = (
				79EDCF8E1C8B4C75002F5849 /* X_MatesUITests.swift in Sources */,
			);
			runOnlyForDeploymentPostprocessing = 0;
		};
/* End PBXSourcesBuildPhase section */

/* Begin PBXTargetDependency section */
		79EDCF801C8B4C75002F5849 /* PBXTargetDependency */ = {
			isa = PBXTargetDependency;
			target = 79EDCF661C8B4C75002F5849 /* X-Mates */;
			targetProxy = 79EDCF7F1C8B4C75002F5849 /* PBXContainerItemProxy */;
		};
		79EDCF8B1C8B4C75002F5849 /* PBXTargetDependency */ = {
			isa = PBXTargetDependency;
			target = 79EDCF661C8B4C75002F5849 /* X-Mates */;
			targetProxy = 79EDCF8A1C8B4C75002F5849 /* PBXContainerItemProxy */;
		};
/* End PBXTargetDependency section */

/* Begin PBXVariantGroup section */
		79EDCF6E1C8B4C75002F5849 /* Main.storyboard */ = {
			isa = PBXVariantGroup;
			children = (
				79EDCF6F1C8B4C75002F5849 /* Base */,
			);
			name = Main.storyboard;
			sourceTree = "<group>";
		};
		79EDCF761C8B4C75002F5849 /* LaunchScreen.storyboard */ = {
			isa = PBXVariantGroup;
			children = (
				79EDCF771C8B4C75002F5849 /* Base */,
			);
			name = LaunchScreen.storyboard;
			sourceTree = "<group>";
		};
/* End PBXVariantGroup section */

/* Begin XCBuildConfiguration section */
		79EDCF901C8B4C75002F5849 /* Debug */ = {
			isa = XCBuildConfiguration;
			buildSettings = {
				ALWAYS_SEARCH_USER_PATHS = NO;
				CLANG_CXX_LANGUAGE_STANDARD = "gnu++0x";
				CLANG_CXX_LIBRARY = "libc++";
				CLANG_ENABLE_MODULES = YES;
				CLANG_ENABLE_OBJC_ARC = YES;
				CLANG_WARN_BOOL_CONVERSION = YES;
				CLANG_WARN_CONSTANT_CONVERSION = YES;
				CLANG_WARN_DIRECT_OBJC_ISA_USAGE = YES_ERROR;
				CLANG_WARN_EMPTY_BODY = YES;
				CLANG_WARN_ENUM_CONVERSION = YES;
				CLANG_WARN_INT_CONVERSION = YES;
				CLANG_WARN_OBJC_ROOT_CLASS = YES_ERROR;
				CLANG_WARN_UNREACHABLE_CODE = YES;
				CLANG_WARN__DUPLICATE_METHOD_MATCH = YES;
				"CODE_SIGN_IDENTITY[sdk=iphoneos*]" = "iPhone Developer";
				COPY_PHASE_STRIP = NO;
				DEBUG_INFORMATION_FORMAT = dwarf;
				ENABLE_STRICT_OBJC_MSGSEND = YES;
				ENABLE_TESTABILITY = YES;
				GCC_C_LANGUAGE_STANDARD = gnu99;
				GCC_DYNAMIC_NO_PIC = NO;
				GCC_NO_COMMON_BLOCKS = YES;
				GCC_OPTIMIZATION_LEVEL = 0;
				GCC_PREPROCESSOR_DEFINITIONS = (
					"DEBUG=1",
					"$(inherited)",
				);
				GCC_WARN_64_TO_32_BIT_CONVERSION = YES;
				GCC_WARN_ABOUT_RETURN_TYPE = YES_ERROR;
				GCC_WARN_UNDECLARED_SELECTOR = YES;
				GCC_WARN_UNINITIALIZED_AUTOS = YES_AGGRESSIVE;
				GCC_WARN_UNUSED_FUNCTION = YES;
				GCC_WARN_UNUSED_VARIABLE = YES;
				IPHONEOS_DEPLOYMENT_TARGET = 9.2;
				MTL_ENABLE_DEBUG_INFO = YES;
				ONLY_ACTIVE_ARCH = YES;
				SDKROOT = iphoneos;
				SWIFT_OPTIMIZATION_LEVEL = "-Onone";
			};
			name = Debug;
		};
		79EDCF911C8B4C75002F5849 /* Release */ = {
			isa = XCBuildConfiguration;
			buildSettings = {
				ALWAYS_SEARCH_USER_PATHS = NO;
				CLANG_CXX_LANGUAGE_STANDARD = "gnu++0x";
				CLANG_CXX_LIBRARY = "libc++";
				CLANG_ENABLE_MODULES = YES;
				CLANG_ENABLE_OBJC_ARC = YES;
				CLANG_WARN_BOOL_CONVERSION = YES;
				CLANG_WARN_CONSTANT_CONVERSION = YES;
				CLANG_WARN_DIRECT_OBJC_ISA_USAGE = YES_ERROR;
				CLANG_WARN_EMPTY_BODY = YES;
				CLANG_WARN_ENUM_CONVERSION = YES;
				CLANG_WARN_INT_CONVERSION = YES;
				CLANG_WARN_OBJC_ROOT_CLASS = YES_ERROR;
				CLANG_WARN_UNREACHABLE_CODE = YES;
				CLANG_WARN__DUPLICATE_METHOD_MATCH = YES;
				"CODE_SIGN_IDENTITY[sdk=iphoneos*]" = "iPhone Developer";
				COPY_PHASE_STRIP = NO;
				DEBUG_INFORMATION_FORMAT = "dwarf-with-dsym";
				ENABLE_NS_ASSERTIONS = NO;
				ENABLE_STRICT_OBJC_MSGSEND = YES;
				GCC_C_LANGUAGE_STANDARD = gnu99;
				GCC_NO_COMMON_BLOCKS = YES;
				GCC_WARN_64_TO_32_BIT_CONVERSION = YES;
				GCC_WARN_ABOUT_RETURN_TYPE = YES_ERROR;
				GCC_WARN_UNDECLARED_SELECTOR = YES;
				GCC_WARN_UNINITIALIZED_AUTOS = YES_AGGRESSIVE;
				GCC_WARN_UNUSED_FUNCTION = YES;
				GCC_WARN_UNUSED_VARIABLE = YES;
				IPHONEOS_DEPLOYMENT_TARGET = 9.2;
				MTL_ENABLE_DEBUG_INFO = NO;
				SDKROOT = iphoneos;
				VALIDATE_PRODUCT = YES;
			};
			name = Release;
		};
		79EDCF931C8B4C75002F5849 /* Debug */ = {
			isa = XCBuildConfiguration;
			buildSettings = {
				ASSETCATALOG_COMPILER_APPICON_NAME = AppIcon;
				CODE_SIGN_IDENTITY = "iPhone Developer";
				"CODE_SIGN_IDENTITY[sdk=iphoneos*]" = "iPhone Developer";
				FRAMEWORK_SEARCH_PATHS = (
					/Users/SiYu/Documents/FacebookSDK,
					"$(PROJECT_DIR)",
					"$(PROJECT_DIR)/Carthage/Build/iOS",
				);
				INFOPLIST_FILE = "X-Mates/Info.plist";
				LD_RUNPATH_SEARCH_PATHS = "$(inherited) @executable_path/Frameworks";
				PRODUCT_BUNDLE_IDENTIFIER = "Cloud.X-Mates";
				PRODUCT_NAME = "$(TARGET_NAME)";
				PROVISIONING_PROFILE = "";
				SDKROOT = iphoneos9.3;
				SWIFT_OBJC_BRIDGING_HEADER = "X-Mates/Bridging-Header.h";
			};
			name = Debug;
		};
		79EDCF941C8B4C75002F5849 /* Release */ = {
			isa = XCBuildConfiguration;
			buildSettings = {
				ASSETCATALOG_COMPILER_APPICON_NAME = AppIcon;
				CODE_SIGN_IDENTITY = "iPhone Developer";
				"CODE_SIGN_IDENTITY[sdk=iphoneos*]" = "iPhone Developer";
				FRAMEWORK_SEARCH_PATHS = (
					/Users/SiYu/Documents/FacebookSDK,
					"$(PROJECT_DIR)",
					"$(PROJECT_DIR)/Carthage/Build/iOS",
				);
				INFOPLIST_FILE = "X-Mates/Info.plist";
				LD_RUNPATH_SEARCH_PATHS = "$(inherited) @executable_path/Frameworks";
				PRODUCT_BUNDLE_IDENTIFIER = "Cloud.X-Mates";
				PRODUCT_NAME = "$(TARGET_NAME)";
				PROVISIONING_PROFILE = "";
				SDKROOT = iphoneos9.3;
				SWIFT_OBJC_BRIDGING_HEADER = "X-Mates/Bridging-Header.h";
			};
			name = Release;
		};
		79EDCF961C8B4C75002F5849 /* Debug */ = {
			isa = XCBuildConfiguration;
			buildSettings = {
				BUNDLE_LOADER = "$(TEST_HOST)";
				INFOPLIST_FILE = "X-MatesTests/Info.plist";
				LD_RUNPATH_SEARCH_PATHS = "$(inherited) @executable_path/Frameworks @loader_path/Frameworks";
				PRODUCT_BUNDLE_IDENTIFIER = "Cloud.X-MatesTests";
				PRODUCT_NAME = "$(TARGET_NAME)";
				TEST_HOST = "$(BUILT_PRODUCTS_DIR)/X-Mates.app/X-Mates";
			};
			name = Debug;
		};
		79EDCF971C8B4C75002F5849 /* Release */ = {
			isa = XCBuildConfiguration;
			buildSettings = {
				BUNDLE_LOADER = "$(TEST_HOST)";
				INFOPLIST_FILE = "X-MatesTests/Info.plist";
				LD_RUNPATH_SEARCH_PATHS = "$(inherited) @executable_path/Frameworks @loader_path/Frameworks";
				PRODUCT_BUNDLE_IDENTIFIER = "Cloud.X-MatesTests";
				PRODUCT_NAME = "$(TARGET_NAME)";
				TEST_HOST = "$(BUILT_PRODUCTS_DIR)/X-Mates.app/X-Mates";
			};
			name = Release;
		};
		79EDCF991C8B4C75002F5849 /* Debug */ = {
			isa = XCBuildConfiguration;
			buildSettings = {
				INFOPLIST_FILE = "X-MatesUITests/Info.plist";
				LD_RUNPATH_SEARCH_PATHS = "$(inherited) @executable_path/Frameworks @loader_path/Frameworks";
				PRODUCT_BUNDLE_IDENTIFIER = "Cloud.X-MatesUITests";
				PRODUCT_NAME = "$(TARGET_NAME)";
				TEST_TARGET_NAME = "X-Mates";
				USES_XCTRUNNER = YES;
			};
			name = Debug;
		};
		79EDCF9A1C8B4C75002F5849 /* Release */ = {
			isa = XCBuildConfiguration;
			buildSettings = {
				INFOPLIST_FILE = "X-MatesUITests/Info.plist";
				LD_RUNPATH_SEARCH_PATHS = "$(inherited) @executable_path/Frameworks @loader_path/Frameworks";
				PRODUCT_BUNDLE_IDENTIFIER = "Cloud.X-MatesUITests";
				PRODUCT_NAME = "$(TARGET_NAME)";
				TEST_TARGET_NAME = "X-Mates";
				USES_XCTRUNNER = YES;
			};
			name = Release;
		};
/* End XCBuildConfiguration section */

/* Begin XCConfigurationList section */
		79EDCF621C8B4C75002F5849 /* Build configuration list for PBXProject "X-Mates" */ = {
			isa = XCConfigurationList;
			buildConfigurations = (
				79EDCF901C8B4C75002F5849 /* Debug */,
				79EDCF911C8B4C75002F5849 /* Release */,
			);
			defaultConfigurationIsVisible = 0;
			defaultConfigurationName = Release;
		};
		79EDCF921C8B4C75002F5849 /* Build configuration list for PBXNativeTarget "X-Mates" */ = {
			isa = XCConfigurationList;
			buildConfigurations = (
				79EDCF931C8B4C75002F5849 /* Debug */,
				79EDCF941C8B4C75002F5849 /* Release */,
			);
			defaultConfigurationIsVisible = 0;
			defaultConfigurationName = Release;
		};
		79EDCF951C8B4C75002F5849 /* Build configuration list for PBXNativeTarget "X-MatesTests" */ = {
			isa = XCConfigurationList;
			buildConfigurations = (
				79EDCF961C8B4C75002F5849 /* Debug */,
				79EDCF971C8B4C75002F5849 /* Release */,
			);
			defaultConfigurationIsVisible = 0;
			defaultConfigurationName = Release;
		};
		79EDCF981C8B4C75002F5849 /* Build configuration list for PBXNativeTarget "X-MatesUITests" */ = {
			isa = XCConfigurationList;
			buildConfigurations = (
				79EDCF991C8B4C75002F5849 /* Debug */,
				79EDCF9A1C8B4C75002F5849 /* Release */,
			);
			defaultConfigurationIsVisible = 0;
			defaultConfigurationName = Release;
		};
/* End XCConfigurationList section */

/* Begin XCVersionGroup section */
		79EDCF711C8B4C75002F5849 /* X_Mates.xcdatamodeld */ = {
			isa = XCVersionGroup;
			children = (
				79EDCF721C8B4C75002F5849 /* X_Mates.xcdatamodel */,
			);
			currentVersion = 79EDCF721C8B4C75002F5849 /* X_Mates.xcdatamodel */;
			path = X_Mates.xcdatamodeld;
			sourceTree = "<group>";
			versionGroupType = wrapper.xcdatamodel;
		};
/* End XCVersionGroup section */
	};
	rootObject = 79EDCF5F1C8B4C75002F5849 /* Project object */;
}
